
Microsoft Visual Studio Solution File, Format Version 12.00
# Visual Studio Version 16
VisualStudioVersion = 16.0.29324.140
MinimumVisualStudioVersion = 10.0.40219.1
Project("{8BC9CEB8-8B4A-11D0-8D11-00A0C91BC942}") = "CSC 402 Project 2", "CSC 402 Project 2\CSC 402 Project 2.vcxproj", "{D855F17D-EB6F-43FF-A078-8B3C7EF9FCEF}"
EndProject
Global
	GlobalSection(SolutionConfigurationPlatforms) = preSolution
		Debug|x64 = Debug|x64
		Debug|x86 = Debug|x86
		Release|x64 = Release|x64
		Release|x86 = Release|x86
	EndGlobalSection
	GlobalSection(ProjectConfigurationPlatforms) = postSolution
		{D855F17D-EB6F-43FF-A078-8B3C7EF9FCEF}.Debug|x64.ActiveCfg = Debug|x64
		{D855F17D-EB6F-43FF-A078-8B3C7EF9FCEF}.Debug|x64.Build.0 = Debug|x64
		{D855F17D-EB6F-43FF-A078-8B3C7EF9FCEF}.Debug|x86.ActiveCfg = Debug|Win32
		{D855F17D-EB6F-43FF-A078-8B3C7EF9FCEF}.Debug|x86.Build.0 = Debug|Win32
		{D855F17D-EB6F-43FF-A078-8B3C7EF9FCEF}.Release|x64.ActiveCfg = Release|x64
		{D855F17D-EB6F-43FF-A078-8B3C7EF9FCEF}.Release|x64.Build.0 = Release|x64
		{D855F17D-EB6F-43FF-A078-8B3C7EF9FCEF}.Release|x86.ActiveCfg = Release|Win32
		{D855F17D-EB6F-43FF-A078-8B3C7EF9FCEF}.Release|x86.Build.0 = Release|Win32
	EndGlobalSection
	GlobalSection(SolutionProperties) = preSolution
		HideSolutionNode = FALSE
	EndGlobalSection
	GlobalSection(ExtensibilityGlobals) = postSolution
		SolutionGuid = {C25A146E-E7DE-46B9-BC33-4F9591726BBA}
	EndGlobalSection
EndGlobal
